
Microsoft Visual Studio Solution File, Format Version 11.00
# Visual Studio 2010
Project("{FAE04EC0-301F-11D3-BF4B-00C04F79EFBC}") = "test", "test\test.csproj", "{7B31EEED-4E84-4C8E-80C0-6451F0DDFF74}"
EndProject
Project("{54435603-DBB4-11D2-8724-00A0C9A8B90C}") = "Setup", "..\安装及配置文件\Setup\Setup.vdproj", "{A97939EC-6336-4F15-B46A-7932D57A62BC}"
EndProject
Global
	GlobalSection(SolutionConfigurationPlatforms) = preSolution
		Debug|Any CPU = Debug|Any CPU
		Release|Any CPU = Release|Any CPU
	EndGlobalSection
	GlobalSection(ProjectConfigurationPlatforms) = postSolution
		{7B31EEED-4E84-4C8E-80C0-6451F0DDFF74}.Debug|Any CPU.ActiveCfg = Debug|Any CPU
		{7B31EEED-4E84-4C8E-80C0-6451F0DDFF74}.Debug|Any CPU.Build.0 = Debug|Any CPU
		{7B31EEED-4E84-4C8E-80C0-6451F0DDFF74}.Release|Any CPU.ActiveCfg = Release|Any CPU
		{7B31EEED-4E84-4C8E-80C0-6451F0DDFF74}.Release|Any CPU.Build.0 = Release|Any CPU
		{A97939EC-6336-4F15-B46A-7932D57A62BC}.Debug|Any CPU.ActiveCfg = Debug
		{A97939EC-6336-4F15-B46A-7932D57A62BC}.Release|Any CPU.ActiveCfg = Release
	EndGlobalSection
	GlobalSection(SolutionProperties) = preSolution
		HideSolutionNode = FALSE
	EndGlobalSection
EndGlobal
